# THIS IS AN AUTOGENERATED FILE. DO NOT EDIT THIS FILE DIRECTLY.
# yarn lockfile v1


"@react-spring/animated@~9.4.4":
  version "9.4.4"
  resolved "https://registry.npmjs.org/@react-spring/animated/-/animated-9.4.4.tgz"
  integrity sha512-e9xnuBaUTD+NolKikUmrGWjX8AVCPyj1GcEgjgq9E+0sXKv46UY7cm2EmB6mUDTxWIDVKebARY++xT4nGDraBQ==
  dependencies:
    "@react-spring/shared" "~9.4.4"
    "@react-spring/types" "~9.4.4"

"@react-spring/core@~9.4.4":
  version "9.4.4"
  resolved "https://registry.npmjs.org/@react-spring/core/-/core-9.4.4.tgz"
  integrity sha512-llgb0ljFyjMB0JhWsaFHOi9XFT8n1jBMVs1IFY2ipIBerWIRWrgUmIpakLPHTa4c4jwqTaDSwX90s2a0iN7dxQ==
  dependencies:
    "@react-spring/animated" "~9.4.4"
    "@react-spring/rafz" "~9.4.4"
    "@react-spring/shared" "~9.4.4"
    "@react-spring/types" "~9.4.4"

"@react-spring/konva@~9.4.4":
  version "9.4.4"
  resolved "https://registry.npmjs.org/@react-spring/konva/-/konva-9.4.4.tgz"
  integrity sha512-ZHwsf4l/W5YzK8TwlvGXL9SYiHxxC6iEOAKStRs8WV6VuBvTFgIoGK5RNOTbsRC2N/spNWnN6JViz1PNbgrB+A==
  dependencies:
    "@react-spring/animated" "~9.4.4"
    "@react-spring/core" "~9.4.4"
    "@react-spring/shared" "~9.4.4"
    "@react-spring/types" "~9.4.4"

"@react-spring/native@~9.4.4":
  version "9.4.4"
  resolved "https://registry.npmjs.org/@react-spring/native/-/native-9.4.4.tgz"
  integrity sha512-p0/JI59JVkgVjnoLvu+cpEgEkE0B3RDvzT1oNaCAx0ePaGQo4ICAS8PyOgPvN5IHUOy59CBLSMNnFyHV+IgaGQ==
  dependencies:
    "@react-spring/animated" "~9.4.4"
    "@react-spring/core" "~9.4.4"
    "@react-spring/shared" "~9.4.4"
    "@react-spring/types" "~9.4.4"

"@react-spring/rafz@~9.4.4":
  version "9.4.4"
  resolved "https://registry.npmjs.org/@react-spring/rafz/-/rafz-9.4.4.tgz"
  integrity sha512-5ki/sQ06Mdf8AuFstSt5zbNNicRT4LZogiJttDAww1ozhuvemafNWEHxhzcULgCPCDu2s7HsroaISV7+GQWrhw==

"@react-spring/shared@~9.4.4":
  version "9.4.4"
  resolved "https://registry.npmjs.org/@react-spring/shared/-/shared-9.4.4.tgz"
  integrity sha512-ySVgScDZlhm/+Iy2smY9i/DDrShArY0j6zjTS/Re1lasKnhq8qigoGiAxe8xMPJNlCaj3uczCqHy3TY9bKRtfQ==
  dependencies:
    "@react-spring/rafz" "~9.4.4"
    "@react-spring/types" "~9.4.4"

"@react-spring/three@~9.4.4":
  version "9.4.4"
  resolved "https://registry.npmjs.org/@react-spring/three/-/three-9.4.4.tgz"
  integrity sha512-z77ohxg8zG0CcZJojzfoJTTrjSbIyefNz2RlId68/4IypnOs1p8kB2Q1p+wX4KyWORpLg8ivsPcjtwBjGwfDtg==
  dependencies:
    "@react-spring/animated" "~9.4.4"
    "@react-spring/core" "~9.4.4"
    "@react-spring/shared" "~9.4.4"
    "@react-spring/types" "~9.4.4"

"@react-spring/types@~9.4.4":
  version "9.4.4"
  resolved "https://registry.npmjs.org/@react-spring/types/-/types-9.4.4.tgz"
  integrity sha512-KpxKt/D//q/t/6FBcde/RE36LKp8PpWu7kFEMLwpzMGl9RpcexunmYOQJWwmJWtkQjgE1YRr7DzBMryz6La1cQ==

"@react-spring/web@~9.4.4":
  version "9.4.4"
  resolved "https://registry.npmjs.org/@react-spring/web/-/web-9.4.4.tgz"
  integrity sha512-iJmOLdhcuizriUlu/xqBc5y8KaFts+UI+iC+GxyTwBtzxA9czKiSAZW2ESuhG8stafa3jncwjfTQQp84KN36cw==
  dependencies:
    "@react-spring/animated" "~9.4.4"
    "@react-spring/core" "~9.4.4"
    "@react-spring/shared" "~9.4.4"
    "@react-spring/types" "~9.4.4"

"@react-spring/zdog@~9.4.4":
  version "9.4.4"
  resolved "https://registry.npmjs.org/@react-spring/zdog/-/zdog-9.4.4.tgz"
  integrity sha512-qmD8zRcodbQKTAFVMdgW2pYIZP1KttDnz2S2JEc7kx8I8F5ljn9czgRl5c4w9HJ0dpO8VTfPq4sKa4tlUL23yg==
  dependencies:
    "@react-spring/animated" "~9.4.4"
    "@react-spring/core" "~9.4.4"
    "@react-spring/shared" "~9.4.4"
    "@react-spring/types" "~9.4.4"

react-spring@^9.4.4:
  version "9.4.4"
  resolved "https://registry.yarnpkg.com/react-spring/-/react-spring-9.4.4.tgz#0a53440013f97c1ebaa739a24a902487f36a5c1e"
  integrity sha512-VOqilh9DJBsS6Pf550YLhdReS3j9a2AQVh7NcsNtWoxTYIeuErWi6ym0++6bBhQp4yT5xvVvUDaJ8ez8vrFgaw==
  dependencies:
    "@react-spring/core" "~9.4.4"
    "@react-spring/konva" "~9.4.4"
    "@react-spring/native" "~9.4.4"
    "@react-spring/three" "~9.4.4"
    "@react-spring/web" "~9.4.4"
    "@react-spring/zdog" "~9.4.4"
